# This file is autogenerated, do not edit; changes may be undone by the next 'dep ensure'.


[[projects]]
  digest = "1:ec6f9bf5e274c833c911923c9193867f3f18788c461f76f05f62bb1510e0ae65"
  name = "github.com/go-sql-driver/mysql"
  packages = ["."]
  pruneopts = "UT"
  revision = "72cd26f257d44c1114970e19afddcd812016007e"
  version = "v1.4.1"

[[projects]]
  digest = "1:318f1c959a8a740366fce4b1e1eb2fd914036b4af58fbd0a003349b305f118ad"
  name = "github.com/golang/protobuf"
  packages = ["proto"]
  pruneopts = "UT"
  revision = "b5d812f8a3706043e23a9cd5babf2e5423744d30"
  version = "v1.3.1"

[[projects]]
  digest = "1:cef043bd5b80782d55de321d4ffc86af97b8382794c31d0119c139b258e37ea7"
  name = "github.com/jinzhu/gorm"
  packages = [
    ".",
    "dialects/mysql",
  ]
  pruneopts = "UT"
  revision = "01b66011427614f01e84a473b0303c917179f2a0"
  version = "v1.9.9"

[[projects]]
  digest = "1:01ed62f8f4f574d8aff1d88caee113700a2b44c42351943fa73cc1808f736a50"
  name = "github.com/jinzhu/inflection"
  packages = ["."]
  pruneopts = "UT"
  revision = "f5c5f50e6090ae76a29240b61ae2a90dd810112e"
  version = "v1.0.0"

[[projects]]
  digest = "1:ecd9aa82687cf31d1585d4ac61d0ba180e42e8a6182b85bd785fcca8dfeefc1b"
  name = "github.com/joho/godotenv"
  packages = ["."]
  pruneopts = "UT"
  revision = "23d116af351c84513e1946b527c88823e476be13"
  version = "v1.3.0"

[[projects]]
  digest = "1:fd9bea48bbc5bba66d9891c72af7255fbebecdff845c37c679406174ece5ca1b"
  name = "github.com/kelseyhightower/envconfig"
  packages = ["."]
  pruneopts = "UT"
  revision = "0b417c4ec4a8a82eecc22a1459a504aa55163d61"
  version = "v1.4.0"

[[projects]]
  digest = "1:ba852707958e39694e7f64328008287892adf9b1aed0174480e2f50e0c23e521"
  name = "github.com/logrusorgru/aurora"
  packages = ["."]
  pruneopts = "UT"
  revision = "21d75270181e0436fee7bd58b991c212cf309068"
  version = "v2.0"

[[projects]]
  digest = "1:ed615c5430ecabbb0fb7629a182da65ecee6523900ac1ac932520860878ffcad"
  name = "github.com/robfig/cron"
  packages = ["."]
  pruneopts = "UT"
  revision = "b41be1df696709bb6395fe435af20370037c0b4c"
  version = "v1.1"

[[projects]]
  digest = "1:fb63fb6cb9cf7310c6bd83998cc430ee5af1ec52612572ecb42c7aad74bd3598"
  name = "github.com/rs/zerolog"
  packages = [
    ".",
    "internal/cbor",
    "internal/json",
    "log",
  ]
  pruneopts = "UT"
  revision = "acf3980132bfcdc48638724e6e3d9e5749b85999"
  version = "v1.14.3"

[[projects]]
  digest = "1:c25289f43ac4a68d88b02245742347c94f1e108c534dda442188015ff80669b3"
  name = "google.golang.org/appengine"
  packages = ["cloudsql"]
  pruneopts = "UT"
  revision = "b2f4a3cf3c67576a2ee09e1fe62656a5086ce880"
  version = "v1.6.1"

[[projects]]
  branch = "master"
  digest = "1:e92ea14610a542e7b14b312d513965d247c107bb9a4c0a2d9480eecb0fb534e6"
  name = "stash.tutu.ru/avia-search-common/contracts"
  packages = ["base"]
  pruneopts = "UT"
  revision = "63ab0f80f78130ff4792d8bf062c965648b9a1a5"

[[projects]]
  branch = "master"
  digest = "1:7348033a7dcb8ba740ba459fa017c44c06fac8298f48c2ebb4c68e9416c93877"
  name = "stash.tutu.ru/golang/envs"
  packages = ["."]
  pruneopts = "UT"
  revision = "01950075f9f5cc693120b11dc5cb330f85709b4d"

[[projects]]
  branch = "master"
  digest = "1:104e8a9fe69086504ec4adec43b1a3065d3de57b21855154c03d71a889c7f557"
  name = "stash.tutu.ru/golang/log"
  packages = ["."]
  pruneopts = "UT"
  revision = "65ac73db85e1a1cc1050ce25273e15b71368d098"

[[projects]]
  branch = "master"
  digest = "1:83844fa2c134166550c64614bead604d8e31b51ec773974a87062277972ec2b1"
  name = "stash.tutu.ru/golang/resources"
  packages = [
    "db",
    "db/mysql",
    "helper",
  ]
  pruneopts = "UT"
  revision = "d94e407ebc2d10b13af09378b6ffe2479761bad1"

[solve-meta]
  analyzer-name = "dep"
  analyzer-version = 1
  input-imports = [
    "github.com/jinzhu/gorm/dialects/mysql",
    "github.com/robfig/cron",
    "stash.tutu.ru/avia-search-common/contracts/base",
    "stash.tutu.ru/golang/log",
    "stash.tutu.ru/golang/resources/db",
    "stash.tutu.ru/golang/resources/db/mysql",
  ]
  solver-name = "gps-cdcl"
  solver-version = 1
